
Microsoft Visual Studio Solution File, Format Version 12.00
# Visual Studio Version 17
VisualStudioVersion = 17.6.33829.357
MinimumVisualStudioVersion = 10.0.40219.1
Project("{FAE04EC0-301F-11D3-BF4B-00C04F79EFBC}") = "SOAPtest", "SOAPtest\SOAPtest.csproj", "{69C1A498-F4E1-4ACB-8213-68C7229F8C34}"
EndProject
Global
	GlobalSection(SolutionConfigurationPlatforms) = preSolution
		Debug|Any CPU = Debug|Any CPU
		Release|Any CPU = Release|Any CPU
	EndGlobalSection
	GlobalSection(ProjectConfigurationPlatforms) = postSolution
		{69C1A498-F4E1-4ACB-8213-68C7229F8C34}.Debug|Any CPU.ActiveCfg = Debug|Any CPU
		{69C1A498-F4E1-4ACB-8213-68C7229F8C34}.Debug|Any CPU.Build.0 = Debug|Any CPU
		{69C1A498-F4E1-4ACB-8213-68C7229F8C34}.Release|Any CPU.ActiveCfg = Release|Any CPU
		{69C1A498-F4E1-4ACB-8213-68C7229F8C34}.Release|Any CPU.Build.0 = Release|Any CPU
	EndGlobalSection
	GlobalSection(SolutionProperties) = preSolution
		HideSolutionNode = FALSE
	EndGlobalSection
	GlobalSection(ExtensibilityGlobals) = postSolution
		SolutionGuid = {B2C9193A-10E1-49D9-A11B-D9B9501EA285}
	EndGlobalSection
EndGlobal
