
Microsoft Visual Studio Solution File, Format Version 12.00
# Visual Studio Version 17
VisualStudioVersion = 17.6.33829.357
MinimumVisualStudioVersion = 10.0.40219.1
Project("{FAE04EC0-301F-11D3-BF4B-00C04F79EFBC}") = "Database CRUD", "Database CRUD\Database CRUD.csproj", "{DE5ECDB2-A4F8-4097-9145-BB615DBFE238}"
EndProject
Global
	GlobalSection(SolutionConfigurationPlatforms) = preSolution
		Debug|Any CPU = Debug|Any CPU
		Release|Any CPU = Release|Any CPU
	EndGlobalSection
	GlobalSection(ProjectConfigurationPlatforms) = postSolution
		{DE5ECDB2-A4F8-4097-9145-BB615DBFE238}.Debug|Any CPU.ActiveCfg = Debug|Any CPU
		{DE5ECDB2-A4F8-4097-9145-BB615DBFE238}.Debug|Any CPU.Build.0 = Debug|Any CPU
		{DE5ECDB2-A4F8-4097-9145-BB615DBFE238}.Release|Any CPU.ActiveCfg = Release|Any CPU
		{DE5ECDB2-A4F8-4097-9145-BB615DBFE238}.Release|Any CPU.Build.0 = Release|Any CPU
	EndGlobalSection
	GlobalSection(SolutionProperties) = preSolution
		HideSolutionNode = FALSE
	EndGlobalSection
	GlobalSection(ExtensibilityGlobals) = postSolution
		SolutionGuid = {338B3D83-6CE0-44C6-9FC9-5AD9866BB2AF}
	EndGlobalSection
EndGlobal
