
Microsoft Visual Studio Solution File, Format Version 12.00
# Visual Studio Version 17
VisualStudioVersion = 17.6.33829.357
MinimumVisualStudioVersion = 10.0.40219.1
Project("{FAE04EC0-301F-11D3-BF4B-00C04F79EFBC}") = "WebApiTest", "WebApiTest\WebApiTest.csproj", "{78F49A7E-6B56-44AE-A080-6444A0ABCD64}"
EndProject
Global
	GlobalSection(SolutionConfigurationPlatforms) = preSolution
		Debug|Any CPU = Debug|Any CPU
		Release|Any CPU = Release|Any CPU
	EndGlobalSection
	GlobalSection(ProjectConfigurationPlatforms) = postSolution
		{78F49A7E-6B56-44AE-A080-6444A0ABCD64}.Debug|Any CPU.ActiveCfg = Debug|Any CPU
		{78F49A7E-6B56-44AE-A080-6444A0ABCD64}.Debug|Any CPU.Build.0 = Debug|Any CPU
		{78F49A7E-6B56-44AE-A080-6444A0ABCD64}.Release|Any CPU.ActiveCfg = Release|Any CPU
		{78F49A7E-6B56-44AE-A080-6444A0ABCD64}.Release|Any CPU.Build.0 = Release|Any CPU
	EndGlobalSection
	GlobalSection(SolutionProperties) = preSolution
		HideSolutionNode = FALSE
	EndGlobalSection
	GlobalSection(ExtensibilityGlobals) = postSolution
		SolutionGuid = {21E06C79-01E0-4E4C-9D96-EB426F7A29E1}
	EndGlobalSection
EndGlobal
